
Microsoft Visual Studio Solution File, Format Version 12.00
# Visual Studio 2012
Project("{FAE04EC0-301F-11D3-BF4B-00C04F79EFBC}") = "Parser", "LogicFileParser\Parser.csproj", "{223733F5-F080-46EB-A795-3928FD2CBB63}"
EndProject
Global
	GlobalSection(SolutionConfigurationPlatforms) = preSolution
		Debug|Any CPU = Debug|Any CPU
		Release|Any CPU = Release|Any CPU
	EndGlobalSection
	GlobalSection(ProjectConfigurationPlatforms) = postSolution
		{223733F5-F080-46EB-A795-3928FD2CBB63}.Debug|Any CPU.ActiveCfg = Debug|Any CPU
		{223733F5-F080-46EB-A795-3928FD2CBB63}.Debug|Any CPU.Build.0 = Debug|Any CPU
		{223733F5-F080-46EB-A795-3928FD2CBB63}.Release|Any CPU.ActiveCfg = Release|Any CPU
		{223733F5-F080-46EB-A795-3928FD2CBB63}.Release|Any CPU.Build.0 = Release|Any CPU
	EndGlobalSection
	GlobalSection(SolutionProperties) = preSolution
		HideSolutionNode = FALSE
	EndGlobalSection
EndGlobal
